// !$*UTF8*$!
{
	archiveVersion = 1;
	classes = {
	};
	objectVersion = 46;
	objects = {

/* Begin PBXBuildFile section */
		37327BA61C140E350011435B /* AppDelegate.swift in Sources */ = {isa = PBXBuildFile; fileRef = 37327BA51C140E350011435B /* AppDelegate.swift */; };
		37327BA81C140E350011435B /* ViewController.swift in Sources */ = {isa = PBXBuildFile; fileRef = 37327BA71C140E350011435B /* ViewController.swift */; };
		37327BAB1C140E350011435B /* Main.storyboard in Resources */ = {isa = PBXBuildFile; fileRef = 37327BA91C140E350011435B /* Main.storyboard */; };
		37327BAD1C140E350011435B /* Assets.xcassets in Resources */ = {isa = PBXBuildFile; fileRef = 37327BAC1C140E350011435B /* Assets.xcassets */; };
		37327BB01C140E350011435B /* LaunchScreen.storyboard in Resources */ = {isa = PBXBuildFile; fileRef = 37327BAE1C140E350011435B /* LaunchScreen.storyboard */; };
		37327BBB1C140E350011435B /* TipCalculatorTests.swift in Sources */ = {isa = PBXBuildFile; fileRef = 37327BBA1C140E350011435B /* TipCalculatorTests.swift */; };
		37327BC61C140E350011435B /* TipCalculatorUITests.swift in Sources */ = {isa = PBXBuildFile; fileRef = 37327BC51C140E350011435B /* TipCalculatorUITests.swift */; };
		37327BD41C1432580011435B /* SettingsViewController.swift in Sources */ = {isa = PBXBuildFile; fileRef = 37327BD31C1432580011435B /* SettingsViewController.swift */; };
		377B2D9A1C16A1D800FAD485 /* TipPercentage.swift in Sources */ = {isa = PBXBuildFile; fileRef = 377B2D991C16A1D800FAD485 /* TipPercentage.swift */; };
/* End PBXBuildFile section */

/* Begin PBXContainerItemProxy section */
		37327BB71C140E350011435B /* PBXContainerItemProxy */ = {
			isa = PBXContainerItemProxy;
			containerPortal = 37327B9A1C140E350011435B /* Project object */;
			proxyType = 1;
			remoteGlobalIDString = 37327BA11C140E350011435B;
			remoteInfo = TipCalculator;
		};
		37327BC21C140E350011435B /* PBXContainerItemProxy */ = {
			isa = PBXContainerItemProxy;
			containerPortal = 37327B9A1C140E350011435B /* Project object */;
			proxyType = 1;
			remoteGlobalIDString = 37327BA11C140E350011435B;
			remoteInfo = TipCalculator;
		};
/* End PBXContainerItemProxy section */

/* Begin PBXFileReference section */
		37327BA21C140E350011435B /* TipCalculator.app */ = {isa = PBXFileReference; explicitFileType = wrapper.application; includeInIndex = 0; path = TipCalculator.app; sourceTree = BUILT_PRODUCTS_DIR; };
		37327BA51C140E350011435B /* AppDelegate.swift */ = {isa = PBXFileReference; lastKnownFileType = sourcecode.swift; path = AppDelegate.swift; sourceTree = "<group>"; };
		37327BA71C140E350011435B /* ViewController.swift */ = {isa = PBXFileReference; lastKnownFileType = sourcecode.swift; path = ViewController.swift; sourceTree = "<group>"; };
		37327BAA1C140E350011435B /* Base */ = {isa = PBXFileReference; lastKnownFileType = file.storyboard; name = Base; path = Base.lproj/Main.storyboard; sourceTree = "<group>"; };
		37327BAC1C140E350011435B /* Assets.xcassets */ = {isa = PBXFileReference; lastKnownFileType = folder.assetcatalog; path = Assets.xcassets; sourceTree = "<group>"; };
		37327BAF1C140E350011435B /* Base */ = {isa = PBXFileReference; lastKnownFileType = file.storyboard; name = Base; path = Base.lproj/LaunchScreen.storyboard; sourceTree = "<group>"; };
		37327BB11C140E350011435B /* Info.plist */ = {isa = PBXFileReference; lastKnownFileType = text.plist.xml; path = Info.plist; sourceTree = "<group>"; };
		37327BB61C140E350011435B /* TipCalculatorTests.xctest */ = {isa = PBXFileReference; explicitFileType = wrapper.cfbundle; includeInIndex = 0; path = TipCalculatorTests.xctest; sourceTree = BUILT_PRODUCTS_DIR; };
		37327BBA1C140E350011435B /* TipCalculatorTests.swift */ = {isa = PBXFileReference; lastKnownFileType = sourcecode.swift; path = TipCalculatorTests.swift; sourceTree = "<group>"; };
		37327BBC1C140E350011435B /* Info.plist */ = {isa = PBXFileReference; lastKnownFileType = text.plist.xml; path = Info.plist; sourceTree = "<group>"; };
		37327BC11C140E350011435B /* TipCalculatorUITests.xctest */ = {isa = PBXFileReference; explicitFileType = wrapper.cfbundle; includeInIndex = 0; path = TipCalculatorUITests.xctest; sourceTree = BUILT_PRODUCTS_DIR; };
		37327BC51C140E350011435B /* TipCalculatorUITests.swift */ = {isa = PBXFileReference; lastKnownFileType = sourcecode.swift; path = TipCalculatorUITests.swift; sourceTree = "<group>"; };
		37327BC71C140E350011435B /* Info.plist */ = {isa = PBXFileReference; lastKnownFileType = text.plist.xml; path = Info.plist; sourceTree = "<group>"; };
		37327BD31C1432580011435B /* SettingsViewController.swift */ = {isa = PBXFileReference; fileEncoding = 4; lastKnownFileType = sourcecode.swift; path = SettingsViewController.swift; sourceTree = "<group>"; };
		377B2D991C16A1D800FAD485 /* TipPercentage.swift */ = {isa = PBXFileReference; fileEncoding = 4; lastKnownFileType = sourcecode.swift; path = TipPercentage.swift; sourceTree = "<group>"; };
/* End PBXFileReference section */

/* Begin PBXFrameworksBuildPhase section */
		37327B9F1C140E350011435B /* Frameworks */ = {
			isa = PBXFrameworksBuildPhase;
			buildActionMask = 2147483647;
			files = (
			);
			runOnlyForDeploymentPostprocessing = 0;
		};
		37327BB31C140E350011435B /* Frameworks */ = {
			isa = PBXFrameworksBuildPhase;
			buildActionMask = 2147483647;
			files = (
			);
			runOnlyForDeploymentPostprocessing = 0;
		};
		37327BBE1C140E350011435B /* Frameworks */ = {
			isa = PBXFrameworksBuildPhase;
			buildActionMask = 2147483647;
			files = (
			);
			runOnlyForDeploymentPostprocessing = 0;
		};
/* End PBXFrameworksBuildPhase section */

/* Begin PBXGroup section */
		37327B991C140E350011435B = {
			isa = PBXGroup;
			children = (
				37327BA41C140E350011435B /* TipCalculator */,
				37327BB91C140E350011435B /* TipCalculatorTests */,
				37327BC41C140E350011435B /* TipCalculatorUITests */,
				37327BA31C140E350011435B /* Products */,
			);
			sourceTree = "<group>";
		};
		37327BA31C140E350011435B /* Products */ = {
			isa = PBXGroup;
			children = (
				37327BA21C140E350011435B /* TipCalculator.app */,
				37327BB61C140E350011435B /* TipCalculatorTests.xctest */,
				37327BC11C140E350011435B /* TipCalculatorUITests.xctest */,
			);
			name = Products;
			sourceTree = "<group>";
		};
		37327BA41C140E350011435B /* TipCalculator */ = {
			isa = PBXGroup;
			children = (
				37327BA51C140E350011435B /* AppDelegate.swift */,
				37327BA71C140E350011435B /* ViewController.swift */,
				37327BA91C140E350011435B /* Main.storyboard */,
				37327BD31C1432580011435B /* SettingsViewController.swift */,
				37327BAC1C140E350011435B /* Assets.xcassets */,
				37327BAE1C140E350011435B /* LaunchScreen.storyboard */,
				37327BB11C140E350011435B /* Info.plist */,
				377B2D991C16A1D800FAD485 /* TipPercentage.swift */,
			);
			path = TipCalculator;
			sourceTree = "<group>";
		};
		37327BB91C140E350011435B /* TipCalculatorTests */ = {
			isa = PBXGroup;
			children = (
				37327BBA1C140E350011435B /* TipCalculatorTests.swift */,
				37327BBC1C140E350011435B /* Info.plist */,
			);
			path = TipCalculatorTests;
			sourceTree = "<group>";
		};
		37327BC41C140E350011435B /* TipCalculatorUITests */ = {
			isa = PBXGroup;
			children = (
				37327BC51C140E350011435B /* TipCalculatorUITests.swift */,
				37327BC71C140E350011435B /* Info.plist */,
			);
			path = TipCalculatorUITests;
			sourceTree = "<group>";
		};
/* End PBXGroup section */

/* Begin PBXNativeTarget section */
		37327BA11C140E350011435B /* TipCalculator */ = {
			isa = PBXNativeTarget;
			buildConfigurationList = 37327BCA1C140E350011435B /* Build configuration list for PBXNativeTarget "TipCalculator" */;
			buildPhases = (
				37327B9E1C140E350011435B /* Sources */,
				37327B9F1C140E350011435B /* Frameworks */,
				37327BA01C140E350011435B /* Resources */,
			);
			buildRules = (
			);
			dependencies = (
			);
			name = TipCalculator;
			productName = TipCalculator;
			productReference = 37327BA21C140E350011435B /* TipCalculator.app */;
			productType = "com.apple.product-type.application";
		};
		37327BB51C140E350011435B /* TipCalculatorTests */ = {
			isa = PBXNativeTarget;
			buildConfigurationList = 37327BCD1C140E350011435B /* Build configuration list for PBXNativeTarget "TipCalculatorTests" */;
			buildPhases = (
				37327BB21C140E350011435B /* Sources */,
				37327BB31C140E350011435B /* Frameworks */,
				37327BB41C140E350011435B /* Resources */,
			);
			buildRules = (
			);
			dependencies = (
				37327BB81C140E350011435B /* PBXTargetDependency */,
			);
			name = TipCalculatorTests;
			productName = TipCalculatorTests;
			productReference = 37327BB61C140E350011435B /* TipCalculatorTests.xctest */;
			productType = "com.apple.product-type.bundle.unit-test";
		};
		37327BC01C140E350011435B /* TipCalculatorUITests */ = {
			isa = PBXNativeTarget;
			buildConfigurationList = 37327BD01C140E350011435B /* Build configuration list for PBXNativeTarget "TipCalculatorUITests" */;
			buildPhases = (
				37327BBD1C140E350011435B /* Sources */,
				37327BBE1C140E350011435B /* Frameworks */,
				37327BBF1C140E350011435B /* Resources */,
			);
			buildRules = (
			);
			dependencies = (
				37327BC31C140E350011435B /* PBXTargetDependency */,
			);
			name = TipCalculatorUITests;
			productName = TipCalculatorUITests;
			productReference = 37327BC11C140E350011435B /* TipCalculatorUITests.xctest */;
			productType = "com.apple.product-type.bundle.ui-testing";
		};
/* End PBXNativeTarget section */

/* Begin PBXProject section */
		37327B9A1C140E350011435B /* Project object */ = {
			isa = PBXProject;
			attributes = {
				LastSwiftUpdateCheck = 0710;
				LastUpgradeCheck = 0710;
				ORGANIZATIONNAME = "Xinxin Xie";
				TargetAttributes = {
					37327BA11C140E350011435B = {
						CreatedOnToolsVersion = 7.1.1;
					};
					37327BB51C140E350011435B = {
						CreatedOnToolsVersion = 7.1.1;
						TestTargetID = 37327BA11C140E350011435B;
					};
					37327BC01C140E350011435B = {
						CreatedOnToolsVersion = 7.1.1;
						TestTargetID = 37327BA11C140E350011435B;
					};
				};
			};
			buildConfigurationList = 37327B9D1C140E350011435B /* Build configuration list for PBXProject "TipCalculator" */;
			compatibilityVersion = "Xcode 3.2";
			developmentRegion = English;
			hasScannedForEncodings = 0;
			knownRegions = (
				en,
				Base,
			);
			mainGroup = 37327B991C140E350011435B;
			productRefGroup = 37327BA31C140E350011435B /* Products */;
			projectDirPath = "";
			projectRoot = "";
			targets = (
				37327BA11C140E350011435B /* TipCalculator */,
				37327BB51C140E350011435B /* TipCalculatorTests */,
				37327BC01C140E350011435B /* TipCalculatorUITests */,
			);
		};
/* End PBXProject section */

/* Begin PBXResourcesBuildPhase section */
		37327BA01C140E350011435B /* Resources */ = {
			isa = PBXResourcesBuildPhase;
			buildActionMask = 2147483647;
			files = (
				37327BB01C140E350011435B /* LaunchScreen.storyboard in Resources */,
				37327BAD1C140E350011435B /* Assets.xcassets in Resources */,
				37327BAB1C140E350011435B /* Main.storyboard in Resources */,
			);
			runOnlyForDeploymentPostprocessing = 0;
		};
		37327BB41C140E350011435B /* Resources */ = {
			isa = PBXResourcesBuildPhase;
			buildActionMask = 2147483647;
			files = (
			);
			runOnlyForDeploymentPostprocessing = 0;
		};
		37327BBF1C140E350011435B /* Resources */ = {
			isa = PBXResourcesBuildPhase;
			buildActionMask = 2147483647;
			files = (
			);
			runOnlyForDeploymentPostprocessing = 0;
		};
/* End PBXResourcesBuildPhase section */

/* Begin PBXSourcesBuildPhase section */
		37327B9E1C140E350011435B /* Sources */ = {
			isa = PBXSourcesBuildPhase;
			buildActionMask = 2147483647;
			files = (
				37327BA81C140E350011435B /* ViewController.swift in Sources */,
				377B2D9A1C16A1D800FAD485 /* TipPercentage.swift in Sources */,
				37327BA61C140E350011435B /* AppDelegate.swift in Sources */,
				37327BD41C1432580011435B /* SettingsViewController.swift in Sources */,
			);
			runOnlyForDeploymentPostprocessing = 0;
		};
		37327BB21C140E350011435B /* Sources */ = {
			isa = PBXSourcesBuildPhase;
			buildActionMask = 2147483647;
			files = (
				37327BBB1C140E350011435B /* TipCalculatorTests.swift in Sources */,
			);
			runOnlyForDeploymentPostprocessing = 0;
		};
		37327BBD1C140E350011435B /* Sources */ = {
			isa = PBXSourcesBuildPhase;
			buildActionMask = 2147483647;
			files = (
				37327BC61C140E350011435B /* TipCalculatorUITests.swift in Sources */,
			);
			runOnlyForDeploymentPostprocessing = 0;
		};
/* End PBXSourcesBuildPhase section */

/* Begin PBXTargetDependency section */
		37327BB81C140E350011435B /* PBXTargetDependency */ = {
			isa = PBXTargetDependency;
			target = 37327BA11C140E350011435B /* TipCalculator */;
			targetProxy = 37327BB71C140E350011435B /* PBXContainerItemProxy */;
		};
		37327BC31C140E350011435B /* PBXTargetDependency */ = {
			isa = PBXTargetDependency;
			target = 37327BA11C140E350011435B /* TipCalculator */;
			targetProxy = 37327BC21C140E350011435B /* PBXContainerItemProxy */;
		};
/* End PBXTargetDependency section */

/* Begin PBXVariantGroup section */
		37327BA91C140E350011435B /* Main.storyboard */ = {
			isa = PBXVariantGroup;
			children = (
				37327BAA1C140E350011435B /* Base */,
			);
			name = Main.storyboard;
			sourceTree = "<group>";
		};
		37327BAE1C140E350011435B /* LaunchScreen.storyboard */ = {
			isa = PBXVariantGroup;
			children = (
				37327BAF1C140E350011435B /* Base */,
			);
			name = LaunchScreen.storyboard;
			sourceTree = "<group>";
		};
/* End PBXVariantGroup section */

/* Begin XCBuildConfiguration section */
		37327BC81C140E350011435B /* Debug */ = {
			isa = XCBuildConfiguration;
			buildSettings = {
				ALWAYS_SEARCH_USER_PATHS = NO;
				CLANG_CXX_LANGUAGE_STANDARD = "gnu++0x";
				CLANG_CXX_LIBRARY = "libc++";
				CLANG_ENABLE_MODULES = YES;
				CLANG_ENABLE_OBJC_ARC = YES;
				CLANG_WARN_BOOL_CONVERSION = YES;
				CLANG_WARN_CONSTANT_CONVERSION = YES;
				CLANG_WARN_DIRECT_OBJC_ISA_USAGE = YES_ERROR;
				CLANG_WARN_EMPTY_BODY = YES;
				CLANG_WARN_ENUM_CONVERSION = YES;
				CLANG_WARN_INT_CONVERSION = YES;
				CLANG_WARN_OBJC_ROOT_CLASS = YES_ERROR;
				CLANG_WARN_UNREACHABLE_CODE = YES;
				CLANG_WARN__DUPLICATE_METHOD_MATCH = YES;
				"CODE_SIGN_IDENTITY[sdk=iphoneos*]" = "iPhone Developer";
				COPY_PHASE_STRIP = NO;
				DEBUG_INFORMATION_FORMAT = dwarf;
				ENABLE_STRICT_OBJC_MSGSEND = YES;
				ENABLE_TESTABILITY = YES;
				GCC_C_LANGUAGE_STANDARD = gnu99;
				GCC_DYNAMIC_NO_PIC = NO;
				GCC_NO_COMMON_BLOCKS = YES;
				GCC_OPTIMIZATION_LEVEL = 0;
				GCC_PREPROCESSOR_DEFINITIONS = (
					"DEBUG=1",
					"$(inherited)",
				);
				GCC_WARN_64_TO_32_BIT_CONVERSION = YES;
				GCC_WARN_ABOUT_RETURN_TYPE = YES_ERROR;
				GCC_WARN_UNDECLARED_SELECTOR = YES;
				GCC_WARN_UNINITIALIZED_AUTOS = YES_AGGRESSIVE;
				GCC_WARN_UNUSED_FUNCTION = YES;
				GCC_WARN_UNUSED_VARIABLE = YES;
				IPHONEOS_DEPLOYMENT_TARGET = 9.1;
				MTL_ENABLE_DEBUG_INFO = YES;
				ONLY_ACTIVE_ARCH = YES;
				SDKROOT = iphoneos;
				SWIFT_OPTIMIZATION_LEVEL = "-Onone";
				TARGETED_DEVICE_FAMILY = "1,2";
			};
			name = Debug;
		};
		37327BC91C140E350011435B /* Release */ = {
			isa = XCBuildConfiguration;
			buildSettings = {
				ALWAYS_SEARCH_USER_PATHS = NO;
				CLANG_CXX_LANGUAGE_STANDARD = "gnu++0x";
				CLANG_CXX_LIBRARY = "libc++";
				CLANG_ENABLE_MODULES = YES;
				CLANG_ENABLE_OBJC_ARC = YES;
				CLANG_WARN_BOOL_CONVERSION = YES;
				CLANG_WARN_CONSTANT_CONVERSION = YES;
				CLANG_WARN_DIRECT_OBJC_ISA_USAGE = YES_ERROR;
				CLANG_WARN_EMPTY_BODY = YES;
				CLANG_WARN_ENUM_CONVERSION = YES;
				CLANG_WARN_INT_CONVERSION = YES;
				CLANG_WARN_OBJC_ROOT_CLASS = YES_ERROR;
				CLANG_WARN_UNREACHABLE_CODE = YES;
				CLANG_WARN__DUPLICATE_METHOD_MATCH = YES;
				"CODE_SIGN_IDENTITY[sdk=iphoneos*]" = "iPhone Developer";
				COPY_PHASE_STRIP = NO;
				DEBUG_INFORMATION_FORMAT = "dwarf-with-dsym";
				ENABLE_NS_ASSERTIONS = NO;
				ENABLE_STRICT_OBJC_MSGSEND = YES;
				GCC_C_LANGUAGE_STANDARD = gnu99;
				GCC_NO_COMMON_BLOCKS = YES;
				GCC_WARN_64_TO_32_BIT_CONVERSION = YES;
				GCC_WARN_ABOUT_RETURN_TYPE = YES_ERROR;
				GCC_WARN_UNDECLARED_SELECTOR = YES;
				GCC_WARN_UNINITIALIZED_AUTOS = YES_AGGRESSIVE;
				GCC_WARN_UNUSED_FUNCTION = YES;
				GCC_WARN_UNUSED_VARIABLE = YES;
				IPHONEOS_DEPLOYMENT_TARGET = 9.1;
				MTL_ENABLE_DEBUG_INFO = NO;
				SDKROOT = iphoneos;
				TARGETED_DEVICE_FAMILY = "1,2";
				VALIDATE_PRODUCT = YES;
			};
			name = Release;
		};
		37327BCB1C140E350011435B /* Debug */ = {
			isa = XCBuildConfiguration;
			buildSettings = {
				ASSETCATALOG_COMPILER_APPICON_NAME = AppIcon;
				INFOPLIST_FILE = TipCalculator/Info.plist;
				IPHONEOS_DEPLOYMENT_TARGET = 9.1;
				LD_RUNPATH_SEARCH_PATHS = "$(inherited) @executable_path/Frameworks";
				PRODUCT_BUNDLE_IDENTIFIER = test.TipCalculator;
				PRODUCT_NAME = "$(TARGET_NAME)";
			};
			name = Debug;
		};
		37327BCC1C140E350011435B /* Release */ = {
			isa = XCBuildConfiguration;
			buildSettings = {
				ASSETCATALOG_COMPILER_APPICON_NAME = AppIcon;
				INFOPLIST_FILE = TipCalculator/Info.plist;
				IPHONEOS_DEPLOYMENT_TARGET = 9.1;
				LD_RUNPATH_SEARCH_PATHS = "$(inherited) @executable_path/Frameworks";
				PRODUCT_BUNDLE_IDENTIFIER = test.TipCalculator;
				PRODUCT_NAME = "$(TARGET_NAME)";
			};
			name = Release;
		};
		37327BCE1C140E350011435B /* Debug */ = {
			isa = XCBuildConfiguration;
			buildSettings = {
				BUNDLE_LOADER = "$(TEST_HOST)";
				INFOPLIST_FILE = TipCalculatorTests/Info.plist;
				LD_RUNPATH_SEARCH_PATHS = "$(inherited) @executable_path/Frameworks @loader_path/Frameworks";
				PRODUCT_BUNDLE_IDENTIFIER = test.TipCalculatorTests;
				PRODUCT_NAME = "$(TARGET_NAME)";
				TEST_HOST = "$(BUILT_PRODUCTS_DIR)/TipCalculator.app/TipCalculator";
			};
			name = Debug;
		};
		37327BCF1C140E350011435B /* Release */ = {
			isa = XCBuildConfiguration;
			buildSettings = {
				BUNDLE_LOADER = "$(TEST_HOST)";
				INFOPLIST_FILE = TipCalculatorTests/Info.plist;
				LD_RUNPATH_SEARCH_PATHS = "$(inherited) @executable_path/Frameworks @loader_path/Frameworks";
				PRODUCT_BUNDLE_IDENTIFIER = test.TipCalculatorTests;
				PRODUCT_NAME = "$(TARGET_NAME)";
				TEST_HOST = "$(BUILT_PRODUCTS_DIR)/TipCalculator.app/TipCalculator";
			};
			name = Release;
		};
		37327BD11C140E350011435B /* Debug */ = {
			isa = XCBuildConfiguration;
			buildSettings = {
				INFOPLIST_FILE = TipCalculatorUITests/Info.plist;
				LD_RUNPATH_SEARCH_PATHS = "$(inherited) @executable_path/Frameworks @loader_path/Frameworks";
				PRODUCT_BUNDLE_IDENTIFIER = test.TipCalculatorUITests;
				PRODUCT_NAME = "$(TARGET_NAME)";
				TEST_TARGET_NAME = TipCalculator;
				USES_XCTRUNNER = YES;
			};
			name = Debug;
		};
		37327BD21C140E350011435B /* Release */ = {
			isa = XCBuildConfiguration;
			buildSettings = {
				INFOPLIST_FILE = TipCalculatorUITests/Info.plist;
				LD_RUNPATH_SEARCH_PATHS = "$(inherited) @executable_path/Frameworks @loader_path/Frameworks";
				PRODUCT_BUNDLE_IDENTIFIER = test.TipCalculatorUITests;
				PRODUCT_NAME = "$(TARGET_NAME)";
				TEST_TARGET_NAME = TipCalculator;
				USES_XCTRUNNER = YES;
			};
			name = Release;
		};
/* End XCBuildConfiguration section */

/* Begin XCConfigurationList section */
		37327B9D1C140E350011435B /* Build configuration list for PBXProject "TipCalculator" */ = {
			isa = XCConfigurationList;
			buildConfigurations = (
				37327BC81C140E350011435B /* Debug */,
				37327BC91C140E350011435B /* Release */,
			);
			defaultConfigurationIsVisible = 0;
			defaultConfigurationName = Release;
		};
		37327BCA1C140E350011435B /* Build configuration list for PBXNativeTarget "TipCalculator" */ = {
			isa = XCConfigurationList;
			buildConfigurations = (
				37327BCB1C140E350011435B /* Debug */,
				37327BCC1C140E350011435B /* Release */,
			);
			defaultConfigurationIsVisible = 0;
			defaultConfigurationName = Release;
		};
		37327BCD1C140E350011435B /* Build configuration list for PBXNativeTarget "TipCalculatorTests" */ = {
			isa = XCConfigurationList;
			buildConfigurations = (
				37327BCE1C140E350011435B /* Debug */,
				37327BCF1C140E350011435B /* Release */,
			);
			defaultConfigurationIsVisible = 0;
			defaultConfigurationName = Release;
		};
		37327BD01C140E350011435B /* Build configuration list for PBXNativeTarget "TipCalculatorUITests" */ = {
			isa = XCConfigurationList;
			buildConfigurations = (
				37327BD11C140E350011435B /* Debug */,
				37327BD21C140E350011435B /* Release */,
			);
			defaultConfigurationIsVisible = 0;
			defaultConfigurationName = Release;
		};
/* End XCConfigurationList section */
	};
	rootObject = 37327B9A1C140E350011435B /* Project object */;
}
